# This file is generated by running "yarn install" inside your project.
# Manual changes might be lost - proceed with caution!

__metadata:
  version: 5
  cacheKey: 8

"@babel/code-frame@npm:^7.12.13":
  version: 7.18.6
  resolution: "@babel/code-frame@npm:7.18.6"
  dependencies:
    "@babel/highlight": ^7.18.6
  checksum: 195e2be3172d7684bf95cff69ae3b7a15a9841ea9d27d3c843662d50cdd7d6470fd9c8e64be84d031117e4a4083486effba39f9aef6bbb2c89f7f21bcfba33ba
  languageName: node
  linkType: hard

"@babel/helper-validator-identifier@npm:^7.18.6":
  version: 7.18.6
  resolution: "@babel/helper-validator-identifier@npm:7.18.6"
  checksum: e295254d616bbe26e48c196a198476ab4d42a73b90478c9842536cf910ead887f5af6b5c4df544d3052a25ccb3614866fa808dc1e3a5a4291acd444e243c0648
  languageName: node
  linkType: hard

"@babel/highlight@npm:^7.18.6":
  version: 7.18.6
  resolution: "@babel/highlight@npm:7.18.6"
  dependencies:
    "@babel/helper-validator-identifier": ^7.18.6
    chalk: ^2.0.0
    js-tokens: ^4.0.0
  checksum: 92d8ee61549de5ff5120e945e774728e5ccd57fd3b2ed6eace020ec744823d4a98e242be1453d21764a30a14769ecd62170fba28539b211799bbaf232bbb2789
  languageName: node
  linkType: hard

"@jest/expect-utils@npm:^28.1.3":
  version: 28.1.3
  resolution: "@jest/expect-utils@npm:28.1.3"
  dependencies:
    jest-get-type: ^28.0.2
  checksum: 808ea3a68292a7e0b95490fdd55605c430b4cf209ea76b5b61bfb2a1badcb41bc046810fe4e364bd5fe04663978aa2bd73d8f8465a761dd7c655aeb44cf22987
  languageName: node
  linkType: hard

"@jest/schemas@npm:^28.1.3":
  version: 28.1.3
  resolution: "@jest/schemas@npm:28.1.3"
  dependencies:
    "@sinclair/typebox": ^0.24.1
  checksum: 3cf1d4b66c9c4ffda58b246de1ddcba8e6ad085af63dccdf07922511f13b68c0cc480a7bc620cb4f3099a6f134801c747e1df7bfc7a4ef4dceefbdea3e31e1de
  languageName: node
  linkType: hard

"@jest/types@npm:^28.1.3":
  version: 28.1.3
  resolution: "@jest/types@npm:28.1.3"
  dependencies:
    "@jest/schemas": ^28.1.3
    "@types/istanbul-lib-coverage": ^2.0.0
    "@types/istanbul-reports": ^3.0.0
    "@types/node": "*"
    "@types/yargs": ^17.0.8
    chalk: ^4.0.0
  checksum: 1e258d9c063fcf59ebc91e46d5ea5984674ac7ae6cae3e50aa780d22b4405bf2c925f40350bf30013839eb5d4b5e521d956ddf8f3b7c78debef0e75a07f57350
  languageName: node
  linkType: hard

"@lidofinance/wallets-testing-wallets@workspace:.":
  version: 0.0.0-use.local
  resolution: "@lidofinance/wallets-testing-wallets@workspace:."
  dependencies:
    "@playwright/test": ^1.25.2
    expect: ^28.1.3
    playwright: ^1.21.1
    reflect-metadata: ^0.1.13
    rxjs: ^7.5.6
  languageName: unknown
  linkType: soft

"@playwright/test@npm:^1.25.2":
  version: 1.25.2
  resolution: "@playwright/test@npm:1.25.2"
  dependencies:
    "@types/node": "*"
    playwright-core: 1.25.2
  bin:
    playwright: cli.js
  checksum: 3c24027bd9b305a3985cae35a4046e656dd0ffb76ef4dfcfc864f6c8492a643fc21c79048ee8169c5c1562d3cae493e7223a5473b127fef3bda7c7c52795c17d
  languageName: node
  linkType: hard

"@sinclair/typebox@npm:^0.24.1":
  version: 0.24.28
  resolution: "@sinclair/typebox@npm:0.24.28"
  checksum: adc1f06c548f0c495dad5a7124394242553e059c5ea3faa19f404b43958125366513240f17fa2b5272a3aec18618cab4137d5c85259e99ce9eaca67538af2732
  languageName: node
  linkType: hard

"@types/istanbul-lib-coverage@npm:*, @types/istanbul-lib-coverage@npm:^2.0.0":
  version: 2.0.4
  resolution: "@types/istanbul-lib-coverage@npm:2.0.4"
  checksum: a25d7589ee65c94d31464c16b72a9dc81dfa0bea9d3e105ae03882d616e2a0712a9c101a599ec482d297c3591e16336962878cb3eb1a0a62d5b76d277a890ce7
  languageName: node
  linkType: hard

"@types/istanbul-lib-report@npm:*":
  version: 3.0.0
  resolution: "@types/istanbul-lib-report@npm:3.0.0"
  dependencies:
    "@types/istanbul-lib-coverage": "*"
  checksum: 656398b62dc288e1b5226f8880af98087233cdb90100655c989a09f3052b5775bf98ba58a16c5ae642fb66c61aba402e07a9f2bff1d1569e3b306026c59f3f36
  languageName: node
  linkType: hard

"@types/istanbul-reports@npm:^3.0.0":
  version: 3.0.1
  resolution: "@types/istanbul-reports@npm:3.0.1"
  dependencies:
    "@types/istanbul-lib-report": "*"
  checksum: f1ad54bc68f37f60b30c7915886b92f86b847033e597f9b34f2415acdbe5ed742fa559a0a40050d74cdba3b6a63c342cac1f3a64dba5b68b66a6941f4abd7903
  languageName: node
  linkType: hard

"@types/node@npm:*":
  version: 18.7.11
  resolution: "@types/node@npm:18.7.11"
  checksum: 66f200a5595d94285fa2052d29048b328acd729ace4be3516d3d2c1736ab33b5cbf698bec70afc5c6101e5df6c9867e3ec3a091dd937886c1e7a712ddde60f69
  languageName: node
  linkType: hard

"@types/stack-utils@npm:^2.0.0":
  version: 2.0.1
  resolution: "@types/stack-utils@npm:2.0.1"
  checksum: 205fdbe3326b7046d7eaf5e494d8084f2659086a266f3f9cf00bccc549c8e36e407f88168ad4383c8b07099957ad669f75f2532ed4bc70be2b037330f7bae019
  languageName: node
  linkType: hard

"@types/yargs-parser@npm:*":
  version: 21.0.0
  resolution: "@types/yargs-parser@npm:21.0.0"
  checksum: b2f4c8d12ac18a567440379909127cf2cec393daffb73f246d0a25df36ea983b93b7e9e824251f959e9f928cbc7c1aab6728d0a0ff15d6145f66cec2be67d9a2
  languageName: node
  linkType: hard

"@types/yargs@npm:^17.0.8":
  version: 17.0.11
  resolution: "@types/yargs@npm:17.0.11"
  dependencies:
    "@types/yargs-parser": "*"
  checksum: 30a45f9e59a5cc3c967f76036bea6a456b1416175aa4c002b70e1f295772e2247ed8117f392b20eef4557ad761678df8c1fcb141852f2c7c44977130d802c855
  languageName: node
  linkType: hard

"ansi-regex@npm:^5.0.1":
  version: 5.0.1
  resolution: "ansi-regex@npm:5.0.1"
  checksum: 2aa4bb54caf2d622f1afdad09441695af2a83aa3fe8b8afa581d205e57ed4261c183c4d3877cee25794443fde5876417d859c108078ab788d6af7e4fe52eb66b
  languageName: node
  linkType: hard

"ansi-styles@npm:^3.2.1":
  version: 3.2.1
  resolution: "ansi-styles@npm:3.2.1"
  dependencies:
    color-convert: ^1.9.0
  checksum: d85ade01c10e5dd77b6c89f34ed7531da5830d2cb5882c645f330079975b716438cd7ebb81d0d6e6b4f9c577f19ae41ab55f07f19786b02f9dfd9e0377395665
  languageName: node
  linkType: hard

"ansi-styles@npm:^4.1.0":
  version: 4.3.0
  resolution: "ansi-styles@npm:4.3.0"
  dependencies:
    color-convert: ^2.0.1
  checksum: 513b44c3b2105dd14cc42a19271e80f386466c4be574bccf60b627432f9198571ebf4ab1e4c3ba17347658f4ee1711c163d574248c0c1cdc2d5917a0ad582ec4
  languageName: node
  linkType: hard

"ansi-styles@npm:^5.0.0":
  version: 5.2.0
  resolution: "ansi-styles@npm:5.2.0"
  checksum: d7f4e97ce0623aea6bc0d90dcd28881ee04cba06c570b97fd3391bd7a268eedfd9d5e2dd4fdcbdd82b8105df5faf6f24aaedc08eaf3da898e702db5948f63469
  languageName: node
  linkType: hard

"braces@npm:^3.0.2":
  version: 3.0.2
  resolution: "braces@npm:3.0.2"
  dependencies:
    fill-range: ^7.0.1
  checksum: e2a8e769a863f3d4ee887b5fe21f63193a891c68b612ddb4b68d82d1b5f3ff9073af066c343e9867a393fe4c2555dcb33e89b937195feb9c1613d259edfcd459
  languageName: node
  linkType: hard

"chalk@npm:^2.0.0":
  version: 2.4.2
  resolution: "chalk@npm:2.4.2"
  dependencies:
    ansi-styles: ^3.2.1
    escape-string-regexp: ^1.0.5
    supports-color: ^5.3.0
  checksum: ec3661d38fe77f681200f878edbd9448821924e0f93a9cefc0e26a33b145f1027a2084bf19967160d11e1f03bfe4eaffcabf5493b89098b2782c3fe0b03d80c2
  languageName: node
  linkType: hard

"chalk@npm:^4.0.0":
  version: 4.1.2
  resolution: "chalk@npm:4.1.2"
  dependencies:
    ansi-styles: ^4.1.0
    supports-color: ^7.1.0
  checksum: fe75c9d5c76a7a98d45495b91b2172fa3b7a09e0cc9370e5c8feb1c567b85c4288e2b3fded7cfdd7359ac28d6b3844feb8b82b8686842e93d23c827c417e83fc
  languageName: node
  linkType: hard

"ci-info@npm:^3.2.0":
  version: 3.3.2
  resolution: "ci-info@npm:3.3.2"
  checksum: fd81f1edd2d3b0f6cb077b2e84365136d87b9db8c055928c1ad69da8a76c2c2f19cba8ea51b90238302157ca927f91f92b653e933f2398dde4867500f08d6e62
  languageName: node
  linkType: hard

"color-convert@npm:^1.9.0":
  version: 1.9.3
  resolution: "color-convert@npm:1.9.3"
  dependencies:
    color-name: 1.1.3
  checksum: fd7a64a17cde98fb923b1dd05c5f2e6f7aefda1b60d67e8d449f9328b4e53b228a428fd38bfeaeb2db2ff6b6503a776a996150b80cdf224062af08a5c8a3a203
  languageName: node
  linkType: hard

"color-convert@npm:^2.0.1":
  version: 2.0.1
  resolution: "color-convert@npm:2.0.1"
  dependencies:
    color-name: ~1.1.4
  checksum: 79e6bdb9fd479a205c71d89574fccfb22bd9053bd98c6c4d870d65c132e5e904e6034978e55b43d69fcaa7433af2016ee203ce76eeba9cfa554b373e7f7db336
  languageName: node
  linkType: hard

"color-name@npm:1.1.3":
  version: 1.1.3
  resolution: "color-name@npm:1.1.3"
  checksum: 09c5d3e33d2105850153b14466501f2bfb30324a2f76568a408763a3b7433b0e50e5b4ab1947868e65cb101bb7cb75029553f2c333b6d4b8138a73fcc133d69d
  languageName: node
  linkType: hard

"color-name@npm:~1.1.4":
  version: 1.1.4
  resolution: "color-name@npm:1.1.4"
  checksum: b0445859521eb4021cd0fb0cc1a75cecf67fceecae89b63f62b201cca8d345baf8b952c966862a9d9a2632987d4f6581f0ec8d957dfacece86f0a7919316f610
  languageName: node
  linkType: hard

"diff-sequences@npm:^28.1.1":
  version: 28.1.1
  resolution: "diff-sequences@npm:28.1.1"
  checksum: e2529036505567c7ca5a2dea86b6bcd1ca0e3ae63bf8ebf529b8a99cfa915bbf194b7021dc1c57361a4017a6d95578d4ceb29fabc3232a4f4cb866a2726c7690
  languageName: node
  linkType: hard

"escape-string-regexp@npm:^1.0.5":
  version: 1.0.5
  resolution: "escape-string-regexp@npm:1.0.5"
  checksum: 6092fda75c63b110c706b6a9bfde8a612ad595b628f0bd2147eea1d3406723020810e591effc7db1da91d80a71a737a313567c5abb3813e8d9c71f4aa595b410
  languageName: node
  linkType: hard

"escape-string-regexp@npm:^2.0.0":
  version: 2.0.0
  resolution: "escape-string-regexp@npm:2.0.0"
  checksum: 9f8a2d5743677c16e85c810e3024d54f0c8dea6424fad3c79ef6666e81dd0846f7437f5e729dfcdac8981bc9e5294c39b4580814d114076b8d36318f46ae4395
  languageName: node
  linkType: hard

"expect@npm:^28.1.3":
  version: 28.1.3
  resolution: "expect@npm:28.1.3"
  dependencies:
    "@jest/expect-utils": ^28.1.3
    jest-get-type: ^28.0.2
    jest-matcher-utils: ^28.1.3
    jest-message-util: ^28.1.3
    jest-util: ^28.1.3
  checksum: 101e0090de300bcafedb7dbfd19223368a2251ce5fe0105bbb6de5720100b89fb6b64290ebfb42febc048324c76d6a4979cdc4b61eb77747857daf7a5de9b03d
  languageName: node
  linkType: hard

"fill-range@npm:^7.0.1":
  version: 7.0.1
  resolution: "fill-range@npm:7.0.1"
  dependencies:
    to-regex-range: ^5.0.1
  checksum: cc283f4e65b504259e64fd969bcf4def4eb08d85565e906b7d36516e87819db52029a76b6363d0f02d0d532f0033c9603b9e2d943d56ee3b0d4f7ad3328ff917
  languageName: node
  linkType: hard

"graceful-fs@npm:^4.2.9":
  version: 4.2.10
  resolution: "graceful-fs@npm:4.2.10"
  checksum: 3f109d70ae123951905d85032ebeae3c2a5a7a997430df00ea30df0e3a6c60cf6689b109654d6fdacd28810a053348c4d14642da1d075049e6be1ba5216218da
  languageName: node
  linkType: hard

"has-flag@npm:^3.0.0":
  version: 3.0.0
  resolution: "has-flag@npm:3.0.0"
  checksum: 4a15638b454bf086c8148979aae044dd6e39d63904cd452d970374fa6a87623423da485dfb814e7be882e05c096a7ccf1ebd48e7e7501d0208d8384ff4dea73b
  languageName: node
  linkType: hard

"has-flag@npm:^4.0.0":
  version: 4.0.0
  resolution: "has-flag@npm:4.0.0"
  checksum: 261a1357037ead75e338156b1f9452c016a37dcd3283a972a30d9e4a87441ba372c8b81f818cd0fbcd9c0354b4ae7e18b9e1afa1971164aef6d18c2b6095a8ad
  languageName: node
  linkType: hard

"is-number@npm:^7.0.0":
  version: 7.0.0
  resolution: "is-number@npm:7.0.0"
  checksum: 456ac6f8e0f3111ed34668a624e45315201dff921e5ac181f8ec24923b99e9f32ca1a194912dc79d539c97d33dba17dc635202ff0b2cf98326f608323276d27a
  languageName: node
  linkType: hard

"jest-diff@npm:^28.1.3":
  version: 28.1.3
  resolution: "jest-diff@npm:28.1.3"
  dependencies:
    chalk: ^4.0.0
    diff-sequences: ^28.1.1
    jest-get-type: ^28.0.2
    pretty-format: ^28.1.3
  checksum: fa8583e0ccbe775714ce850b009be1b0f6b17a4b6759f33ff47adef27942ebc610dbbcc8a5f7cfb7f12b3b3b05afc9fb41d5f766674616025032ff1e4f9866e0
  languageName: node
  linkType: hard

"jest-get-type@npm:^28.0.2":
  version: 28.0.2
  resolution: "jest-get-type@npm:28.0.2"
  checksum: 5281d7c89bc8156605f6d15784f45074f4548501195c26e9b188742768f72d40948252d13230ea905b5349038865a1a8eeff0e614cc530ff289dfc41fe843abd
  languageName: node
  linkType: hard

"jest-matcher-utils@npm:^28.1.3":
  version: 28.1.3
  resolution: "jest-matcher-utils@npm:28.1.3"
  dependencies:
    chalk: ^4.0.0
    jest-diff: ^28.1.3
    jest-get-type: ^28.0.2
    pretty-format: ^28.1.3
  checksum: 6b34f0cf66f6781e92e3bec97bf27796bd2ba31121e5c5997218d9adba6deea38a30df5203937d6785b68023ed95cbad73663cc9aad6fb0cb59aeb5813a58daf
  languageName: node
  linkType: hard

"jest-message-util@npm:^28.1.3":
  version: 28.1.3
  resolution: "jest-message-util@npm:28.1.3"
  dependencies:
    "@babel/code-frame": ^7.12.13
    "@jest/types": ^28.1.3
    "@types/stack-utils": ^2.0.0
    chalk: ^4.0.0
    graceful-fs: ^4.2.9
    micromatch: ^4.0.4
    pretty-format: ^28.1.3
    slash: ^3.0.0
    stack-utils: ^2.0.3
  checksum: 1f266854166dcc6900d75a88b54a25225a2f3710d463063ff1c99021569045c35c7d58557b25447a17eb3a65ce763b2f9b25550248b468a9d4657db365f39e96
  languageName: node
  linkType: hard

"jest-util@npm:^28.1.3":
  version: 28.1.3
  resolution: "jest-util@npm:28.1.3"
  dependencies:
    "@jest/types": ^28.1.3
    "@types/node": "*"
    chalk: ^4.0.0
    ci-info: ^3.2.0
    graceful-fs: ^4.2.9
    picomatch: ^2.2.3
  checksum: fd6459742c941f070223f25e38a2ac0719aad92561591e9fb2a50d602a5d19d754750b79b4074327a42b00055662b95da3b006542ceb8b54309da44d4a62e721
  languageName: node
  linkType: hard

"js-tokens@npm:^4.0.0":
  version: 4.0.0
  resolution: "js-tokens@npm:4.0.0"
  checksum: 8a95213a5a77deb6cbe94d86340e8d9ace2b93bc367790b260101d2f36a2eaf4e4e22d9fa9cf459b38af3a32fb4190e638024cf82ec95ef708680e405ea7cc78
  languageName: node
  linkType: hard

"micromatch@npm:^4.0.4":
  version: 4.0.5
  resolution: "micromatch@npm:4.0.5"
  dependencies:
    braces: ^3.0.2
    picomatch: ^2.3.1
  checksum: 02a17b671c06e8fefeeb6ef996119c1e597c942e632a21ef589154f23898c9c6a9858526246abb14f8bca6e77734aa9dcf65476fca47cedfb80d9577d52843fc
  languageName: node
  linkType: hard

"picomatch@npm:^2.2.3, picomatch@npm:^2.3.1":
  version: 2.3.1
  resolution: "picomatch@npm:2.3.1"
  checksum: 050c865ce81119c4822c45d3c84f1ced46f93a0126febae20737bd05ca20589c564d6e9226977df859ed5e03dc73f02584a2b0faad36e896936238238b0446cf
  languageName: node
  linkType: hard

"playwright-core@npm:1.25.0":
  version: 1.25.0
  resolution: "playwright-core@npm:1.25.0"
  bin:
    playwright: cli.js
  checksum: 78a9c8857428c8e9fe3a2061672a2e9ce0106afec473281d3a6389ec29918fd1d29c9d2792edde90bfd92c4477151fbd2d8f9f5061fbddaf8c6995a91c9cf2de
  languageName: node
  linkType: hard

"playwright-core@npm:1.25.2":
  version: 1.25.2
  resolution: "playwright-core@npm:1.25.2"
  bin:
    playwright: cli.js
  checksum: 24ada61e2132bd7278cf0aa0ef711280e1519c437efa0088a99c47ef994202f4c9880521d8c0c51ab854bef08806f372477d754aac1e790ea64f18cd346b5b2f
  languageName: node
  linkType: hard

"playwright@npm:^1.21.1":
  version: 1.25.0
  resolution: "playwright@npm:1.25.0"
  dependencies:
    playwright-core: 1.25.0
  bin:
    playwright: cli.js
  checksum: f2a0c32d463dbc4a36c1c5e56f67a4daa3a9ab7cf4267453b561d677654cc69e6c8e18ae739cd112fd765e51311cf273c8c1d26d90d9880ff21c2b24c1edccae
  languageName: node
  linkType: hard

"pretty-format@npm:^28.1.3":
  version: 28.1.3
  resolution: "pretty-format@npm:28.1.3"
  dependencies:
    "@jest/schemas": ^28.1.3
    ansi-regex: ^5.0.1
    ansi-styles: ^5.0.0
    react-is: ^18.0.0
  checksum: e69f857358a3e03d271252d7524bec758c35e44680287f36c1cb905187fbc82da9981a6eb07edfd8a03bc3cbeebfa6f5234c13a3d5b59f2bbdf9b4c4053e0a7f
  languageName: node
  linkType: hard

"react-is@npm:^18.0.0":
  version: 18.2.0
  resolution: "react-is@npm:18.2.0"
  checksum: e72d0ba81b5922759e4aff17e0252bd29988f9642ed817f56b25a3e217e13eea8a7f2322af99a06edb779da12d5d636e9fda473d620df9a3da0df2a74141d53e
  languageName: node
  linkType: hard

"reflect-metadata@npm:^0.1.13":
  version: 0.1.13
  resolution: "reflect-metadata@npm:0.1.13"
  checksum: 798d379a7b6f6455501145419505c97dd11cbc23857a386add2b9ef15963ccf15a48d9d15507afe01d4cd74116df8a213247200bac00320bd7c11ddeaa5e8fb4
  languageName: node
  linkType: hard

"rxjs@npm:^7.5.6":
  version: 7.5.6
  resolution: "rxjs@npm:7.5.6"
  dependencies:
    tslib: ^2.1.0
  checksum: fc05f01364a74dac57490fb3e07ea63b422af04017fae1db641a009073f902ef69f285c5daac31359620dc8d9aee7d81e42b370ca2a8573d1feae0b04329383b
  languageName: node
  linkType: hard

"slash@npm:^3.0.0":
  version: 3.0.0
  resolution: "slash@npm:3.0.0"
  checksum: 94a93fff615f25a999ad4b83c9d5e257a7280c90a32a7cb8b4a87996e4babf322e469c42b7f649fd5796edd8687652f3fb452a86dc97a816f01113183393f11c
  languageName: node
  linkType: hard

"stack-utils@npm:^2.0.3":
  version: 2.0.5
  resolution: "stack-utils@npm:2.0.5"
  dependencies:
    escape-string-regexp: ^2.0.0
  checksum: 76b69da0f5b48a34a0f93c98ee2a96544d2c4ca2557f7eef5ddb961d3bdc33870b46f498a84a7c4f4ffb781df639840e7ebf6639164ed4da5e1aeb659615b9c7
  languageName: node
  linkType: hard

"supports-color@npm:^5.3.0":
  version: 5.5.0
  resolution: "supports-color@npm:5.5.0"
  dependencies:
    has-flag: ^3.0.0
  checksum: 95f6f4ba5afdf92f495b5a912d4abee8dcba766ae719b975c56c084f5004845f6f5a5f7769f52d53f40e21952a6d87411bafe34af4a01e65f9926002e38e1dac
  languageName: node
  linkType: hard

"supports-color@npm:^7.1.0":
  version: 7.2.0
  resolution: "supports-color@npm:7.2.0"
  dependencies:
    has-flag: ^4.0.0
  checksum: 3dda818de06ebbe5b9653e07842d9479f3555ebc77e9a0280caf5a14fb877ffee9ed57007c3b78f5a6324b8dbeec648d9e97a24e2ed9fdb81ddc69ea07100f4a
  languageName: node
  linkType: hard

"to-regex-range@npm:^5.0.1":
  version: 5.0.1
  resolution: "to-regex-range@npm:5.0.1"
  dependencies:
    is-number: ^7.0.0
  checksum: f76fa01b3d5be85db6a2a143e24df9f60dd047d151062d0ba3df62953f2f697b16fe5dad9b0ac6191c7efc7b1d9dcaa4b768174b7b29da89d4428e64bc0a20ed
  languageName: node
  linkType: hard

"tslib@npm:^2.1.0":
  version: 2.4.0
  resolution: "tslib@npm:2.4.0"
  checksum: 8c4aa6a3c5a754bf76aefc38026134180c053b7bd2f81338cb5e5ebf96fefa0f417bff221592bf801077f5bf990562f6264fecbc42cd3309b33872cb6fc3b113
  languageName: node
  linkType: hard
